
Microsoft Visual Studio Solution File, Format Version 12.00
# Visual Studio 15
VisualStudioVersion = 15.0.28307.329
MinimumVisualStudioVersion = 10.0.40219.1
Project("{9A19103F-16F7-4668-BE54-9A1E7A4F7556}") = "ServicioWeb", "Servicio\ServicioWeb.csproj", "{8D48871A-0E65-4C22-8260-682EF44A1231}"
EndProject
Project("{9A19103F-16F7-4668-BE54-9A1E7A4F7556}") = "Aplicacion", "Aplicacion\Aplicacion.csproj", "{7BF34F9D-1868-432F-88EC-CB0DEFE80AC4}"
EndProject
Project("{9A19103F-16F7-4668-BE54-9A1E7A4F7556}") = "Aplicacion.Entidades", "Aplicacion.Entidades\Aplicacion.Entidades.csproj", "{61C105F2-0D31-415A-AA34-DCE0176FA9B0}"
EndProject
Project("{9A19103F-16F7-4668-BE54-9A1E7A4F7556}") = "Dominio", "Dominio\Dominio.csproj", "{725C727C-ACCF-4D96-83A0-8836C072C39C}"
EndProject
Project("{9A19103F-16F7-4668-BE54-9A1E7A4F7556}") = "Datos", "Datos\Datos.csproj", "{4678F464-4188-450C-AB36-345FD06635E8}"
EndProject
Project("{9A19103F-16F7-4668-BE54-9A1E7A4F7556}") = "Datos.Entidades", "Datos.Entidades\Datos.Entidades.csproj", "{7CD942E6-0AAE-4E89-AE49-6BE031302511}"
EndProject
Project("{9A19103F-16F7-4668-BE54-9A1E7A4F7556}") = "Repositorio", "Repositorio\Repositorio.csproj", "{F6B004D8-4128-4655-8E72-96855D5C9AF0}"
EndProject
Project("{9A19103F-16F7-4668-BE54-9A1E7A4F7556}") = "Mapeo", "Mapeo\Mapeo.csproj", "{00673F22-67AD-4F13-995C-77F48E8D7A5C}"
EndProject
Project("{9A19103F-16F7-4668-BE54-9A1E7A4F7556}") = "Ayuda", "Ayuda\Ayuda.csproj", "{E1EA5A6E-E640-4143-A8F3-F46676CE6A9A}"
EndProject
Project("{2150E333-8FDC-42A3-9474-1A3956D46DE8}") = "1. Presentacion", "1. Presentacion", "{A2730328-E313-4897-A7E5-C15F1227009B}"
EndProject
Project("{2150E333-8FDC-42A3-9474-1A3956D46DE8}") = "2. Servicios", "2. Servicios", "{6B714DC1-AFD2-4F3E-BCB5-C368B5ADD815}"
EndProject
Project("{2150E333-8FDC-42A3-9474-1A3956D46DE8}") = "3. Aplicacion", "3. Aplicacion", "{23FBCC55-F3F9-496A-93A7-8D559CC7EA58}"
EndProject
Project("{2150E333-8FDC-42A3-9474-1A3956D46DE8}") = "4. Dominio", "4. Dominio", "{4A61B49E-DCCC-4040-B6A6-4801CC97EFBE}"
EndProject
Project("{2150E333-8FDC-42A3-9474-1A3956D46DE8}") = "5. Datos", "5. Datos", "{883B1673-BBF9-4673-89C1-2EAF898489C1}"
EndProject
Project("{2150E333-8FDC-42A3-9474-1A3956D46DE8}") = "6. Mapeo", "6. Mapeo", "{A4B9A7E3-3C5E-4463-83C9-A4E649191FCB}"
EndProject
Project("{2150E333-8FDC-42A3-9474-1A3956D46DE8}") = "7. Ayuda", "7. Ayuda", "{7014AA25-FD0F-4313-AC4E-A7069CCF7409}"
EndProject
Project("{9A19103F-16F7-4668-BE54-9A1E7A4F7556}") = "Presentacion", "Presentacion\Presentacion.csproj", "{32CB07B7-DDBF-4D1F-883D-592944E5BDCB}"
EndProject
Global
	GlobalSection(SolutionConfigurationPlatforms) = preSolution
		Debug|Any CPU = Debug|Any CPU
		Release|Any CPU = Release|Any CPU
	EndGlobalSection
	GlobalSection(ProjectConfigurationPlatforms) = postSolution
		{8D48871A-0E65-4C22-8260-682EF44A1231}.Debug|Any CPU.ActiveCfg = Debug|Any CPU
		{8D48871A-0E65-4C22-8260-682EF44A1231}.Debug|Any CPU.Build.0 = Debug|Any CPU
		{8D48871A-0E65-4C22-8260-682EF44A1231}.Release|Any CPU.ActiveCfg = Release|Any CPU
		{8D48871A-0E65-4C22-8260-682EF44A1231}.Release|Any CPU.Build.0 = Release|Any CPU
		{7BF34F9D-1868-432F-88EC-CB0DEFE80AC4}.Debug|Any CPU.ActiveCfg = Debug|Any CPU
		{7BF34F9D-1868-432F-88EC-CB0DEFE80AC4}.Debug|Any CPU.Build.0 = Debug|Any CPU
		{7BF34F9D-1868-432F-88EC-CB0DEFE80AC4}.Release|Any CPU.ActiveCfg = Release|Any CPU
		{7BF34F9D-1868-432F-88EC-CB0DEFE80AC4}.Release|Any CPU.Build.0 = Release|Any CPU
		{61C105F2-0D31-415A-AA34-DCE0176FA9B0}.Debug|Any CPU.ActiveCfg = Debug|Any CPU
		{61C105F2-0D31-415A-AA34-DCE0176FA9B0}.Debug|Any CPU.Build.0 = Debug|Any CPU
		{61C105F2-0D31-415A-AA34-DCE0176FA9B0}.Release|Any CPU.ActiveCfg = Release|Any CPU
		{61C105F2-0D31-415A-AA34-DCE0176FA9B0}.Release|Any CPU.Build.0 = Release|Any CPU
		{725C727C-ACCF-4D96-83A0-8836C072C39C}.Debug|Any CPU.ActiveCfg = Debug|Any CPU
		{725C727C-ACCF-4D96-83A0-8836C072C39C}.Debug|Any CPU.Build.0 = Debug|Any CPU
		{725C727C-ACCF-4D96-83A0-8836C072C39C}.Release|Any CPU.ActiveCfg = Release|Any CPU
		{725C727C-ACCF-4D96-83A0-8836C072C39C}.Release|Any CPU.Build.0 = Release|Any CPU
		{4678F464-4188-450C-AB36-345FD06635E8}.Debug|Any CPU.ActiveCfg = Debug|Any CPU
		{4678F464-4188-450C-AB36-345FD06635E8}.Debug|Any CPU.Build.0 = Debug|Any CPU
		{4678F464-4188-450C-AB36-345FD06635E8}.Release|Any CPU.ActiveCfg = Release|Any CPU
		{4678F464-4188-450C-AB36-345FD06635E8}.Release|Any CPU.Build.0 = Release|Any CPU
		{7CD942E6-0AAE-4E89-AE49-6BE031302511}.Debug|Any CPU.ActiveCfg = Debug|Any CPU
		{7CD942E6-0AAE-4E89-AE49-6BE031302511}.Debug|Any CPU.Build.0 = Debug|Any CPU
		{7CD942E6-0AAE-4E89-AE49-6BE031302511}.Release|Any CPU.ActiveCfg = Release|Any CPU
		{7CD942E6-0AAE-4E89-AE49-6BE031302511}.Release|Any CPU.Build.0 = Release|Any CPU
		{F6B004D8-4128-4655-8E72-96855D5C9AF0}.Debug|Any CPU.ActiveCfg = Debug|Any CPU
		{F6B004D8-4128-4655-8E72-96855D5C9AF0}.Debug|Any CPU.Build.0 = Debug|Any CPU
		{F6B004D8-4128-4655-8E72-96855D5C9AF0}.Release|Any CPU.ActiveCfg = Release|Any CPU
		{F6B004D8-4128-4655-8E72-96855D5C9AF0}.Release|Any CPU.Build.0 = Release|Any CPU
		{00673F22-67AD-4F13-995C-77F48E8D7A5C}.Debug|Any CPU.ActiveCfg = Debug|Any CPU
		{00673F22-67AD-4F13-995C-77F48E8D7A5C}.Debug|Any CPU.Build.0 = Debug|Any CPU
		{00673F22-67AD-4F13-995C-77F48E8D7A5C}.Release|Any CPU.ActiveCfg = Release|Any CPU
		{00673F22-67AD-4F13-995C-77F48E8D7A5C}.Release|Any CPU.Build.0 = Release|Any CPU
		{E1EA5A6E-E640-4143-A8F3-F46676CE6A9A}.Debug|Any CPU.ActiveCfg = Debug|Any CPU
		{E1EA5A6E-E640-4143-A8F3-F46676CE6A9A}.Debug|Any CPU.Build.0 = Debug|Any CPU
		{E1EA5A6E-E640-4143-A8F3-F46676CE6A9A}.Release|Any CPU.ActiveCfg = Release|Any CPU
		{E1EA5A6E-E640-4143-A8F3-F46676CE6A9A}.Release|Any CPU.Build.0 = Release|Any CPU
		{32CB07B7-DDBF-4D1F-883D-592944E5BDCB}.Debug|Any CPU.ActiveCfg = Debug|Any CPU
		{32CB07B7-DDBF-4D1F-883D-592944E5BDCB}.Debug|Any CPU.Build.0 = Debug|Any CPU
		{32CB07B7-DDBF-4D1F-883D-592944E5BDCB}.Release|Any CPU.ActiveCfg = Release|Any CPU
		{32CB07B7-DDBF-4D1F-883D-592944E5BDCB}.Release|Any CPU.Build.0 = Release|Any CPU
	EndGlobalSection
	GlobalSection(SolutionProperties) = preSolution
		HideSolutionNode = FALSE
	EndGlobalSection
	GlobalSection(NestedProjects) = preSolution
		{8D48871A-0E65-4C22-8260-682EF44A1231} = {6B714DC1-AFD2-4F3E-BCB5-C368B5ADD815}
		{7BF34F9D-1868-432F-88EC-CB0DEFE80AC4} = {23FBCC55-F3F9-496A-93A7-8D559CC7EA58}
		{61C105F2-0D31-415A-AA34-DCE0176FA9B0} = {23FBCC55-F3F9-496A-93A7-8D559CC7EA58}
		{725C727C-ACCF-4D96-83A0-8836C072C39C} = {4A61B49E-DCCC-4040-B6A6-4801CC97EFBE}
		{4678F464-4188-450C-AB36-345FD06635E8} = {883B1673-BBF9-4673-89C1-2EAF898489C1}
		{7CD942E6-0AAE-4E89-AE49-6BE031302511} = {883B1673-BBF9-4673-89C1-2EAF898489C1}
		{F6B004D8-4128-4655-8E72-96855D5C9AF0} = {883B1673-BBF9-4673-89C1-2EAF898489C1}
		{00673F22-67AD-4F13-995C-77F48E8D7A5C} = {A4B9A7E3-3C5E-4463-83C9-A4E649191FCB}
		{E1EA5A6E-E640-4143-A8F3-F46676CE6A9A} = {7014AA25-FD0F-4313-AC4E-A7069CCF7409}
		{32CB07B7-DDBF-4D1F-883D-592944E5BDCB} = {A2730328-E313-4897-A7E5-C15F1227009B}
	EndGlobalSection
	GlobalSection(ExtensibilityGlobals) = postSolution
		SolutionGuid = {91798F7C-827A-4E07-9531-424FD1DFC3B1}
	EndGlobalSection
EndGlobal
